
Microsoft Visual Studio Solution File, Format Version 12.00
# Visual Studio Version 17
VisualStudioVersion = 17.0.31903.59
MinimumVisualStudioVersion = 10.0.40219.1
Project("{2150E333-8FDC-42A3-9474-1A3956D46DE8}") = "src", "src", "{94E37DF4-EA2F-47A6-970B-FDF8140C9824}"
	ProjectSection(SolutionItems) = preProject
		Directory.Build.targets = Directory.Build.targets
	EndProjectSection
EndProject
Project("{9A19103F-16F7-4668-BE54-9A1E7A4F7556}") = "Api", "src\DocumentGenerator.Api\Api.csproj", "{086E2721-7D67-46F8-8721-76892A4C4691}"
EndProject
Project("{FAE04EC0-301F-11D3-BF4B-00C04F79EFBC}") = "Domain", "src\Domain\Domain.csproj", "{3ECB4C0F-20A5-43B4-B6D9-0E85922C70DA}"
EndProject
Project("{FAE04EC0-301F-11D3-BF4B-00C04F79EFBC}") = "Infrastructure", "src\Infrastructure\Infrastructure.csproj", "{ECF46EF1-689E-44E7-9DF5-717F39AB6BC7}"
EndProject
Global
	GlobalSection(SolutionConfigurationPlatforms) = preSolution
		Debug|Any CPU = Debug|Any CPU
		Release|Any CPU = Release|Any CPU
	EndGlobalSection
	GlobalSection(ProjectConfigurationPlatforms) = postSolution
		{086E2721-7D67-46F8-8721-76892A4C4691}.Debug|Any CPU.ActiveCfg = Debug|Any CPU
		{086E2721-7D67-46F8-8721-76892A4C4691}.Debug|Any CPU.Build.0 = Debug|Any CPU
		{086E2721-7D67-46F8-8721-76892A4C4691}.Release|Any CPU.ActiveCfg = Release|Any CPU
		{086E2721-7D67-46F8-8721-76892A4C4691}.Release|Any CPU.Build.0 = Release|Any CPU
		{3ECB4C0F-20A5-43B4-B6D9-0E85922C70DA}.Debug|Any CPU.ActiveCfg = Debug|Any CPU
		{3ECB4C0F-20A5-43B4-B6D9-0E85922C70DA}.Debug|Any CPU.Build.0 = Debug|Any CPU
		{3ECB4C0F-20A5-43B4-B6D9-0E85922C70DA}.Release|Any CPU.ActiveCfg = Release|Any CPU
		{3ECB4C0F-20A5-43B4-B6D9-0E85922C70DA}.Release|Any CPU.Build.0 = Release|Any CPU
		{ECF46EF1-689E-44E7-9DF5-717F39AB6BC7}.Debug|Any CPU.ActiveCfg = Debug|Any CPU
		{ECF46EF1-689E-44E7-9DF5-717F39AB6BC7}.Debug|Any CPU.Build.0 = Debug|Any CPU
		{ECF46EF1-689E-44E7-9DF5-717F39AB6BC7}.Release|Any CPU.ActiveCfg = Release|Any CPU
		{ECF46EF1-689E-44E7-9DF5-717F39AB6BC7}.Release|Any CPU.Build.0 = Release|Any CPU
	EndGlobalSection
	GlobalSection(SolutionProperties) = preSolution
		HideSolutionNode = FALSE
	EndGlobalSection
	GlobalSection(NestedProjects) = preSolution
		{086E2721-7D67-46F8-8721-76892A4C4691} = {94E37DF4-EA2F-47A6-970B-FDF8140C9824}
		{3ECB4C0F-20A5-43B4-B6D9-0E85922C70DA} = {94E37DF4-EA2F-47A6-970B-FDF8140C9824}
		{ECF46EF1-689E-44E7-9DF5-717F39AB6BC7} = {94E37DF4-EA2F-47A6-970B-FDF8140C9824}
	EndGlobalSection
	GlobalSection(ExtensibilityGlobals) = postSolution
		SolutionGuid = {AAB9E42F-F38A-447F-A29D-00F0D6908B3C}
	EndGlobalSection
EndGlobal
